<?xml version="1.0" encoding="utf-8"?>
<Project ToolsVersion="4.0" xmlns="http://schemas.microsoft.com/developer/msbuild/2003">
  <ItemGroup>
    <Filter Include="Source Files">
      <UniqueIdentifier>{7d6dbec5-ddb8-4ba5-83a6-607ae7a38a79}</UniqueIdentifier>
      <Extensions>cpp;c;cxx;rc;def;r;odl;idl;hpj;bat</Extensions>
    </Filter>
    <Filter Include="Header Files">
      <UniqueIdentifier>{e750b6e6-4440-493b-843e-ed3d7af77aab}</UniqueIdentifier>
      <Extensions>h;hpp;hxx;hm;inl</Extensions>
    </Filter>
  </ItemGroup>
  <ItemGroup>
    <ClCompile Include="Arg0.cpp">
      <Filter>Source Files</Filter>
    </ClCompile>
    <ClCompile Include="Arg1.cpp">
      <Filter>Source Files</Filter>
    </ClCompile>
    <ClCompile Include="Cfg0.cpp">
      <Filter>Source Files</Filter>
    </ClCompile>
    <ClCompile Include="Crc0.cpp">
      <Filter>Source Files</Filter>
    </ClCompile>
    <ClCompile Include="Des0.cpp">
      <Filter>Source Files</Filter>
    </ClCompile>
    <ClCompile Include="Dir0.cpp">
      <Filter>Source Files</Filter>
    </ClCompile>
    <ClCompile Include="Dir1.cpp">
      <Filter>Source Files</Filter>
    </ClCompile>
    <ClCompile Include="Dir2.cpp">
      <Filter>Source Files</Filter>
    </ClCompile>
    <ClCompile Include="Dir3.cpp">
      <Filter>Source Files</Filter>
    </ClCompile>
    <ClCompile Include="Dir4.cpp">
      <Filter>Source Files</Filter>
    </ClCompile>
    <ClCompile Include="Dir5.cpp">
      <Filter>Source Files</Filter>
    </ClCompile>
    <ClCompile Include="Dir6.cpp">
      <Filter>Source Files</Filter>
    </ClCompile>
    <ClCompile Include="dir7.cpp">
      <Filter>Source Files</Filter>
    </ClCompile>
    <ClCompile Include="Fil0.cpp">
      <Filter>Source Files</Filter>
    </ClCompile>
    <ClCompile Include="Fil1.cpp">
      <Filter>Source Files</Filter>
    </ClCompile>
    <ClCompile Include="Fil2.cpp">
      <Filter>Source Files</Filter>
    </ClCompile>
    <ClCompile Include="Fil3.cpp">
      <Filter>Source Files</Filter>
    </ClCompile>
    <ClCompile Include="Fil4.cpp">
      <Filter>Source Files</Filter>
    </ClCompile>
    <ClCompile Include="Fil5.cpp">
      <Filter>Source Files</Filter>
    </ClCompile>
    <ClCompile Include="Grd0.cpp">
      <Filter>Source Files</Filter>
    </ClCompile>
    <ClCompile Include="Grd1.cpp">
      <Filter>Source Files</Filter>
    </ClCompile>
    <ClCompile Include="Kbd0.cpp">
      <Filter>Source Files</Filter>
    </ClCompile>
    <ClCompile Include="Kbd1.cpp">
      <Filter>Source Files</Filter>
    </ClCompile>
    <ClCompile Include="Mem0.cpp">
      <Filter>Source Files</Filter>
    </ClCompile>
    <ClCompile Include="Mem1.cpp">
      <Filter>Source Files</Filter>
    </ClCompile>
    <ClCompile Include="Mem2.cpp">
      <Filter>Source Files</Filter>
    </ClCompile>
    <ClCompile Include="Mem3.cpp">
      <Filter>Source Files</Filter>
    </ClCompile>
    <ClCompile Include="Mem4.cpp">
      <Filter>Source Files</Filter>
    </ClCompile>
    <ClCompile Include="Msc0.cpp">
      <Filter>Source Files</Filter>
    </ClCompile>
    <ClCompile Include="Msc1.cpp">
      <Filter>Source Files</Filter>
    </ClCompile>
    <ClCompile Include="Msc2.cpp">
      <Filter>Source Files</Filter>
    </ClCompile>
    <ClCompile Include="Msc3.cpp">
      <Filter>Source Files</Filter>
    </ClCompile>
    <ClCompile Include="Msc4.cpp">
      <Filter>Source Files</Filter>
    </ClCompile>
    <ClCompile Include="Msc5.cpp">
      <Filter>Source Files</Filter>
    </ClCompile>
    <ClCompile Include="Msc6.cpp">
      <Filter>Source Files</Filter>
    </ClCompile>
    <ClCompile Include="Mth0.cpp">
      <Filter>Source Files</Filter>
    </ClCompile>
    <ClCompile Include="Mth1.cpp">
      <Filter>Source Files</Filter>
    </ClCompile>
    <ClCompile Include="Oldzip.cpp">
      <Filter>Source Files</Filter>
    </ClCompile>
    <ClCompile Include="rc40.cpp">
      <Filter>Source Files</Filter>
    </ClCompile>
    <ClCompile Include="Reg0.cpp">
      <Filter>Source Files</Filter>
    </ClCompile>
    <ClCompile Include="Res0.cpp">
      <Filter>Source Files</Filter>
    </ClCompile>
    <ClCompile Include="Res1.cpp">
      <Filter>Source Files</Filter>
    </ClCompile>
    <ClCompile Include="Res2.cpp">
      <Filter>Source Files</Filter>
    </ClCompile>
    <ClCompile Include="Res3.cpp">
      <Filter>Source Files</Filter>
    </ClCompile>
    <ClCompile Include="Res4.cpp">
      <Filter>Source Files</Filter>
    </ClCompile>
    <ClCompile Include="Scr0.cpp">
      <Filter>Source Files</Filter>
    </ClCompile>
    <ClCompile Include="Scr1.cpp">
      <Filter>Source Files</Filter>
    </ClCompile>
    <ClCompile Include="Scr2.cpp">
      <Filter>Source Files</Filter>
    </ClCompile>
    <ClCompile Include="Scr3.cpp">
      <Filter>Source Files</Filter>
    </ClCompile>
    <ClCompile Include="Scr4.cpp">
      <Filter>Source Files</Filter>
    </ClCompile>
    <ClCompile Include="Str0.cpp">
      <Filter>Source Files</Filter>
    </ClCompile>
    <ClCompile Include="Str1.cpp">
      <Filter>Source Files</Filter>
    </ClCompile>
    <ClCompile Include="Str2.cpp">
      <Filter>Source Files</Filter>
    </ClCompile>
    <ClCompile Include="Str3.cpp">
      <Filter>Source Files</Filter>
    </ClCompile>
    <ClCompile Include="Str4.cpp">
      <Filter>Source Files</Filter>
    </ClCompile>
    <ClCompile Include="Tim0.cpp">
      <Filter>Source Files</Filter>
    </ClCompile>
    <ClCompile Include="Var0.cpp">
      <Filter>Source Files</Filter>
    </ClCompile>
    <ClCompile Include="Win0.cpp">
      <Filter>Source Files</Filter>
    </ClCompile>
    <ClCompile Include="Win1.cpp">
      <Filter>Source Files</Filter>
    </ClCompile>
    <ClCompile Include="Win2.cpp">
      <Filter>Source Files</Filter>
    </ClCompile>
    <ClCompile Include="Win3.cpp">
      <Filter>Source Files</Filter>
    </ClCompile>
    <ClCompile Include="Win4.cpp">
      <Filter>Source Files</Filter>
    </ClCompile>
    <ClCompile Include="Win5.cpp">
      <Filter>Source Files</Filter>
    </ClCompile>
    <ClCompile Include="Win7.cpp">
      <Filter>Source Files</Filter>
    </ClCompile>
    <ClCompile Include="Win8.cpp">
      <Filter>Source Files</Filter>
    </ClCompile>
    <ClCompile Include="Win9.cpp">
      <Filter>Source Files</Filter>
    </ClCompile>
    <ClCompile Include="Wina.cpp">
      <Filter>Source Files</Filter>
    </ClCompile>
    <ClCompile Include="Winb.cpp">
      <Filter>Source Files</Filter>
    </ClCompile>
    <ClCompile Include="Winc.cpp">
      <Filter>Source Files</Filter>
    </ClCompile>
    <ClCompile Include="Wind.cpp">
      <Filter>Source Files</Filter>
    </ClCompile>
    <ClCompile Include="Wine.cpp">
      <Filter>Source Files</Filter>
    </ClCompile>
    <ClCompile Include="Winf.cpp">
      <Filter>Source Files</Filter>
    </ClCompile>
    <ClCompile Include="Zip0.cpp">
      <Filter>Source Files</Filter>
    </ClCompile>
    <ClCompile Include="Zip1.cpp">
      <Filter>Source Files</Filter>
    </ClCompile>
    <ClCompile Include="Zip2.cpp">
      <Filter>Source Files</Filter>
    </ClCompile>
    <ClCompile Include="Zip3.cpp">
      <Filter>Source Files</Filter>
    </ClCompile>
    <ClCompile Include="Zip4.cpp">
      <Filter>Source Files</Filter>
    </ClCompile>
    <ClCompile Include="Zip5.cpp">
      <Filter>Source Files</Filter>
    </ClCompile>
    <ClCompile Include="Zip6.cpp">
      <Filter>Source Files</Filter>
    </ClCompile>
    <ClCompile Include="Zip7.cpp">
      <Filter>Source Files</Filter>
    </ClCompile>
    <ClCompile Include="Zip8.cpp">
      <Filter>Source Files</Filter>
    </ClCompile>
  </ItemGroup>
  <ItemGroup>
    <ClInclude Include="Arg.h">
      <Filter>Header Files</Filter>
    </ClInclude>
    <ClInclude Include="Gnuarg.h">
      <Filter>Header Files</Filter>
    </ClInclude>
    <ClInclude Include="Gnucfg.h">
      <Filter>Header Files</Filter>
    </ClInclude>
    <ClInclude Include="Gnucrc.h">
      <Filter>Header Files</Filter>
    </ClInclude>
    <ClInclude Include="Gnudes.h">
      <Filter>Header Files</Filter>
    </ClInclude>
    <ClInclude Include="Gnudir.h">
      <Filter>Header Files</Filter>
    </ClInclude>
    <ClInclude Include="Gnufile.h">
      <Filter>Header Files</Filter>
    </ClInclude>
    <ClInclude Include="Gnugrid.h">
      <Filter>Header Files</Filter>
    </ClInclude>
    <ClInclude Include="Gnukbd.h">
      <Filter>Header Files</Filter>
    </ClInclude>
    <ClInclude Include="Gnumath.h">
      <Filter>Header Files</Filter>
    </ClInclude>
    <ClInclude Include="Gnumem.h">
      <Filter>Header Files</Filter>
    </ClInclude>
    <ClInclude Include="Gnumisc.h">
      <Filter>Header Files</Filter>
    </ClInclude>
    <ClInclude Include="gnurc4.h">
      <Filter>Header Files</Filter>
    </ClInclude>
    <ClInclude Include="Gnureg.h">
      <Filter>Header Files</Filter>
    </ClInclude>
    <ClInclude Include="Gnures.h">
      <Filter>Header Files</Filter>
    </ClInclude>
    <ClInclude Include="Gnuscr.h">
      <Filter>Header Files</Filter>
    </ClInclude>
    <ClInclude Include="Gnustr.h">
      <Filter>Header Files</Filter>
    </ClInclude>
    <ClInclude Include="Gnutime.h">
      <Filter>Header Files</Filter>
    </ClInclude>
    <ClInclude Include="Gnutype.h">
      <Filter>Header Files</Filter>
    </ClInclude>
    <ClInclude Include="Gnuvar.h">
      <Filter>Header Files</Filter>
    </ClInclude>
    <ClInclude Include="Gnuwin.h">
      <Filter>Header Files</Filter>
    </ClInclude>
    <ClInclude Include="Gnuzip.h">
      <Filter>Header Files</Filter>
    </ClInclude>
    <ClInclude Include="Kbd.h">
      <Filter>Header Files</Filter>
    </ClInclude>
    <ClInclude Include="Mem.h">
      <Filter>Header Files</Filter>
    </ClInclude>
    <ClInclude Include="Mth.h">
      <Filter>Header Files</Filter>
    </ClInclude>
    <ClInclude Include="Res.h">
      <Filter>Header Files</Filter>
    </ClInclude>
    <ClInclude Include="Zip.h">
      <Filter>Header Files</Filter>
    </ClInclude>
  </ItemGroup>
  <ItemGroup>
    <Object Include="Explode.obj" />
    <Object Include="Implode.obj" />
  </ItemGroup>
</Project>